// !$*UTF8*$!
{
	archiveVersion = 1;
	classes = {
	};
	objectVersion = 46;
	objects = {

/* Begin PBXBuildFile section */
		A031D4281ED0D24B00F2BBF6 /* AppDelegate.swift in Sources */ = {isa = PBXBuildFile; fileRef = A031D4271ED0D24B00F2BBF6 /* AppDelegate.swift */; };
		A031D42A1ED0D24B00F2BBF6 /* ViewController.swift in Sources */ = {isa = PBXBuildFile; fileRef = A031D4291ED0D24B00F2BBF6 /* ViewController.swift */; };
		A031D42D1ED0D24B00F2BBF6 /* Main.storyboard in Resources */ = {isa = PBXBuildFile; fileRef = A031D42B1ED0D24B00F2BBF6 /* Main.storyboard */; };
		A031D42F1ED0D24B00F2BBF6 /* Assets.xcassets in Resources */ = {isa = PBXBuildFile; fileRef = A031D42E1ED0D24B00F2BBF6 /* Assets.xcassets */; };
		A031D4321ED0D24B00F2BBF6 /* LaunchScreen.storyboard in Resources */ = {isa = PBXBuildFile; fileRef = A031D4301ED0D24B00F2BBF6 /* LaunchScreen.storyboard */; };
		A031D43C1ED0EBCB00F2BBF6 /* doggo.jpg in Resources */ = {isa = PBXBuildFile; fileRef = A031D43B1ED0EBCB00F2BBF6 /* doggo.jpg */; };
/* End PBXBuildFile section */

/* Begin PBXFileReference section */
		A031D4241ED0D24B00F2BBF6 /* Hello World.app */ = {isa = PBXFileReference; explicitFileType = wrapper.application; includeInIndex = 0; path = "Hello World.app"; sourceTree = BUILT_PRODUCTS_DIR; };
		A031D4271ED0D24B00F2BBF6 /* AppDelegate.swift */ = {isa = PBXFileReference; lastKnownFileType = sourcecode.swift; path = AppDelegate.swift; sourceTree = "<group>"; };
		A031D4291ED0D24B00F2BBF6 /* ViewController.swift */ = {isa = PBXFileReference; lastKnownFileType = sourcecode.swift; path = ViewController.swift; sourceTree = "<group>"; };
		A031D42C1ED0D24B00F2BBF6 /* Base */ = {isa = PBXFileReference; lastKnownFileType = file.storyboard; name = Base; path = Base.lproj/Main.storyboard; sourceTree = "<group>"; };
		A031D42E1ED0D24B00F2BBF6 /* Assets.xcassets */ = {isa = PBXFileReference; lastKnownFileType = folder.assetcatalog; path = Assets.xcassets; sourceTree = "<group>"; };
		A031D4311ED0D24B00F2BBF6 /* Base */ = {isa = PBXFileReference; lastKnownFileType = file.storyboard; name = Base; path = Base.lproj/LaunchScreen.storyboard; sourceTree = "<group>"; };
		A031D4331ED0D24B00F2BBF6 /* Info.plist */ = {isa = PBXFileReference; lastKnownFileType = text.plist.xml; path = Info.plist; sourceTree = "<group>"; };
		A031D43B1ED0EBCB00F2BBF6 /* doggo.jpg */ = {isa = PBXFileReference; lastKnownFileType = image.jpeg; path = doggo.jpg; sourceTree = "<group>"; };
/* End PBXFileReference section */

/* Begin PBXFrameworksBuildPhase section */
		A031D4211ED0D24B00F2BBF6 /* Frameworks */ = {
			isa = PBXFrameworksBuildPhase;
			buildActionMask = 2147483647;
			files = (
			);
			runOnlyForDeploymentPostprocessing = 0;
		};
/* End PBXFrameworksBuildPhase section */

/* Begin PBXGroup section */
		A031D41B1ED0D24B00F2BBF6 = {
			isa = PBXGroup;
			children = (
				A031D4261ED0D24B00F2BBF6 /* Hello World */,
				A031D4251ED0D24B00F2BBF6 /* Products */,
			);
			sourceTree = "<group>";
		};
		A031D4251ED0D24B00F2BBF6 /* Products */ = {
			isa = PBXGroup;
			children = (
				A031D4241ED0D24B00F2BBF6 /* Hello World.app */,
			);
			name = Products;
			sourceTree = "<group>";
		};
		A031D4261ED0D24B00F2BBF6 /* Hello World */ = {
			isa = PBXGroup;
			children = (
				A031D4271ED0D24B00F2BBF6 /* AppDelegate.swift */,
				A031D4291ED0D24B00F2BBF6 /* ViewController.swift */,
				A031D42B1ED0D24B00F2BBF6 /* Main.storyboard */,
				A031D43B1ED0EBCB00F2BBF6 /* doggo.jpg */,
				A031D42E1ED0D24B00F2BBF6 /* Assets.xcassets */,
				A031D4301ED0D24B00F2BBF6 /* LaunchScreen.storyboard */,
				A031D4331ED0D24B00F2BBF6 /* Info.plist */,
			);
			path = "Hello World";
			sourceTree = "<group>";
		};
/* End PBXGroup section */

/* Begin PBXNativeTarget section */
		A031D4231ED0D24B00F2BBF6 /* Hello World */ = {
			isa = PBXNativeTarget;
			buildConfigurationList = A031D4361ED0D24B00F2BBF6 /* Build configuration list for PBXNativeTarget "Hello World" */;
			buildPhases = (
				A031D4201ED0D24B00F2BBF6 /* Sources */,
				A031D4211ED0D24B00F2BBF6 /* Frameworks */,
				A031D4221ED0D24B00F2BBF6 /* Resources */,
			);
			buildRules = (
			);
			dependencies = (
			);
			name = "Hello World";
			productName = "Hello World";
			productReference = A031D4241ED0D24B00F2BBF6 /* Hello World.app */;
			productType = "com.apple.product-type.application";
		};
/* End PBXNativeTarget section */

/* Begin PBXProject section */
		A031D41C1ED0D24B00F2BBF6 /* Project object */ = {
			isa = PBXProject;
			attributes = {
				LastSwiftUpdateCheck = 0830;
				LastUpgradeCheck = 0830;
				ORGANIZATIONNAME = "Andre D'Souza";
				TargetAttributes = {
					A031D4231ED0D24B00F2BBF6 = {
						CreatedOnToolsVersion = 8.3.2;
						ProvisioningStyle = Automatic;
					};
				};
			};
			buildConfigurationList = A031D41F1ED0D24B00F2BBF6 /* Build configuration list for PBXProject "Hello World" */;
			compatibilityVersion = "Xcode 3.2";
			developmentRegion = English;
			hasScannedForEncodings = 0;
			knownRegions = (
				en,
				Base,
			);
			mainGroup = A031D41B1ED0D24B00F2BBF6;
			productRefGroup = A031D4251ED0D24B00F2BBF6 /* Products */;
			projectDirPath = "";
			projectRoot = "";
			targets = (
				A031D4231ED0D24B00F2BBF6 /* Hello World */,
			);
		};
/* End PBXProject section */

/* Begin PBXResourcesBuildPhase section */
		A031D4221ED0D24B00F2BBF6 /* Resources */ = {
			isa = PBXResourcesBuildPhase;
			buildActionMask = 2147483647;
			files = (
				A031D43C1ED0EBCB00F2BBF6 /* doggo.jpg in Resources */,
				A031D4321ED0D24B00F2BBF6 /* LaunchScreen.storyboard in Resources */,
				A031D42F1ED0D24B00F2BBF6 /* Assets.xcassets in Resources */,
				A031D42D1ED0D24B00F2BBF6 /* Main.storyboard in Resources */,
			);
			runOnlyForDeploymentPostprocessing = 0;
		};
/* End PBXResourcesBuildPhase section */

/* Begin PBXSourcesBuildPhase section */
		A031D4201ED0D24B00F2BBF6 /* Sources */ = {
			isa = PBXSourcesBuildPhase;
			buildActionMask = 2147483647;
			files = (
				A031D42A1ED0D24B00F2BBF6 /* ViewController.swift in Sources */,
				A031D4281ED0D24B00F2BBF6 /* AppDelegate.swift in Sources */,
			);
			runOnlyForDeploymentPostprocessing = 0;
		};
/* End PBXSourcesBuildPhase section */

/* Begin PBXVariantGroup section */
		A031D42B1ED0D24B00F2BBF6 /* Main.storyboard */ = {
			isa = PBXVariantGroup;
			children = (
				A031D42C1ED0D24B00F2BBF6 /* Base */,
			);
			name = Main.storyboard;
			sourceTree = "<group>";
		};
		A031D4301ED0D24B00F2BBF6 /* LaunchScreen.storyboard */ = {
			isa = PBXVariantGroup;
			children = (
				A031D4311ED0D24B00F2BBF6 /* Base */,
			);
			name = LaunchScreen.storyboard;
			sourceTree = "<group>";
		};
/* End PBXVariantGroup section */

/* Begin XCBuildConfiguration section */
		A031D4341ED0D24B00F2BBF6 /* Debug */ = {
			isa = XCBuildConfiguration;
			buildSettings = {
				ALWAYS_SEARCH_USER_PATHS = NO;
				CLANG_ANALYZER_NONNULL = YES;
				CLANG_ANALYZER_NUMBER_OBJECT_CONVERSION = YES_AGGRESSIVE;
				CLANG_CXX_LANGUAGE_STANDARD = "gnu++0x";
				CLANG_CXX_LIBRARY = "libc++";
				CLANG_ENABLE_MODULES = YES;
				CLANG_ENABLE_OBJC_ARC = YES;
				CLANG_WARN_BOOL_CONVERSION = YES;
				CLANG_WARN_CONSTANT_CONVERSION = YES;
				CLANG_WARN_DIRECT_OBJC_ISA_USAGE = YES_ERROR;
				CLANG_WARN_DOCUMENTATION_COMMENTS = YES;
				CLANG_WARN_EMPTY_BODY = YES;
				CLANG_WARN_ENUM_CONVERSION = YES;
				CLANG_WARN_INFINITE_RECURSION = YES;
				CLANG_WARN_INT_CONVERSION = YES;
				CLANG_WARN_OBJC_ROOT_CLASS = YES_ERROR;
				CLANG_WARN_SUSPICIOUS_MOVE = YES;
				CLANG_WARN_UNREACHABLE_CODE = YES;
				CLANG_WARN__DUPLICATE_METHOD_MATCH = YES;
				"CODE_SIGN_IDENTITY[sdk=iphoneos*]" = "iPhone Developer";
				COPY_PHASE_STRIP = NO;
				DEBUG_INFORMATION_FORMAT = dwarf;
				ENABLE_STRICT_OBJC_MSGSEND = YES;
				ENABLE_TESTABILITY = YES;
				GCC_C_LANGUAGE_STANDARD = gnu99;
				GCC_DYNAMIC_NO_PIC = NO;
				GCC_NO_COMMON_BLOCKS = YES;
				GCC_OPTIMIZATION_LEVEL = 0;
				GCC_PREPROCESSOR_DEFINITIONS = (
					"DEBUG=1",
					"$(inherited)",
				);
				GCC_WARN_64_TO_32_BIT_CONVERSION = YES;
				GCC_WARN_ABOUT_RETURN_TYPE = YES_ERROR;
				GCC_WARN_UNDECLARED_SELECTOR = YES;
				GCC_WARN_UNINITIALIZED_AUTOS = YES_AGGRESSIVE;
				GCC_WARN_UNUSED_FUNCTION = YES;
				GCC_WARN_UNUSED_VARIABLE = YES;
				IPHONEOS_DEPLOYMENT_TARGET = 10.3;
				MTL_ENABLE_DEBUG_INFO = YES;
				ONLY_ACTIVE_ARCH = YES;
				SDKROOT = iphoneos;
				SWIFT_ACTIVE_COMPILATION_CONDITIONS = DEBUG;
				SWIFT_OPTIMIZATION_LEVEL = "-Onone";
			};
			name = Debug;
		};
		A031D4351ED0D24B00F2BBF6 /* Release */ = {
			isa = XCBuildConfiguration;
			buildSettings = {
				ALWAYS_SEARCH_USER_PATHS = NO;
				CLANG_ANALYZER_NONNULL = YES;
				CLANG_ANALYZER_NUMBER_OBJECT_CONVERSION = YES_AGGRESSIVE;
				CLANG_CXX_LANGUAGE_STANDARD = "gnu++0x";
				CLANG_CXX_LIBRARY = "libc++";
				CLANG_ENABLE_MODULES = YES;
				CLANG_ENABLE_OBJC_ARC = YES;
				CLANG_WARN_BOOL_CONVERSION = YES;
				CLANG_WARN_CONSTANT_CONVERSION = YES;
				CLANG_WARN_DIRECT_OBJC_ISA_USAGE = YES_ERROR;
				CLANG_WARN_DOCUMENTATION_COMMENTS = YES;
				CLANG_WARN_EMPTY_BODY = YES;
				CLANG_WARN_ENUM_CONVERSION = YES;
				CLANG_WARN_INFINITE_RECURSION = YES;
				CLANG_WARN_INT_CONVERSION = YES;
				CLANG_WARN_OBJC_ROOT_CLASS = YES_ERROR;
				CLANG_WARN_SUSPICIOUS_MOVE = YES;
				CLANG_WARN_UNREACHABLE_CODE = YES;
				CLANG_WARN__DUPLICATE_METHOD_MATCH = YES;
				"CODE_SIGN_IDENTITY[sdk=iphoneos*]" = "iPhone Developer";
				COPY_PHASE_STRIP = NO;
				DEBUG_INFORMATION_FORMAT = "dwarf-with-dsym";
				ENABLE_NS_ASSERTIONS = NO;
				ENABLE_STRICT_OBJC_MSGSEND = YES;
				GCC_C_LANGUAGE_STANDARD = gnu99;
				GCC_NO_COMMON_BLOCKS = YES;
				GCC_WARN_64_TO_32_BIT_CONVERSION = YES;
				GCC_WARN_ABOUT_RETURN_TYPE = YES_ERROR;
				GCC_WARN_UNDECLARED_SELECTOR = YES;
				GCC_WARN_UNINITIALIZED_AUTOS = YES_AGGRESSIVE;
				GCC_WARN_UNUSED_FUNCTION = YES;
				GCC_WARN_UNUSED_VARIABLE = YES;
				IPHONEOS_DEPLOYMENT_TARGET = 10.3;
				MTL_ENABLE_DEBUG_INFO = NO;
				SDKROOT = iphoneos;
				SWIFT_OPTIMIZATION_LEVEL = "-Owholemodule";
				VALIDATE_PRODUCT = YES;
			};
			name = Release;
		};
		A031D4371ED0D24B00F2BBF6 /* Debug */ = {
			isa = XCBuildConfiguration;
			buildSettings = {
				ASSETCATALOG_COMPILER_APPICON_NAME = AppIcon;
				INFOPLIST_FILE = "Hello World/Info.plist";
				LD_RUNPATH_SEARCH_PATHS = "$(inherited) @executable_path/Frameworks";
				PRODUCT_BUNDLE_IDENTIFIER = "com.andredsouza.Hello-World";
				PRODUCT_NAME = "$(TARGET_NAME)";
				SWIFT_VERSION = 3.0;
			};
			name = Debug;
		};
		A031D4381ED0D24B00F2BBF6 /* Release */ = {
			isa = XCBuildConfiguration;
			buildSettings = {
				ASSETCATALOG_COMPILER_APPICON_NAME = AppIcon;
				INFOPLIST_FILE = "Hello World/Info.plist";
				LD_RUNPATH_SEARCH_PATHS = "$(inherited) @executable_path/Frameworks";
				PRODUCT_BUNDLE_IDENTIFIER = "com.andredsouza.Hello-World";
				PRODUCT_NAME = "$(TARGET_NAME)";
				SWIFT_VERSION = 3.0;
			};
			name = Release;
		};
/* End XCBuildConfiguration section */

/* Begin XCConfigurationList section */
		A031D41F1ED0D24B00F2BBF6 /* Build configuration list for PBXProject "Hello World" */ = {
			isa = XCConfigurationList;
			buildConfigurations = (
				A031D4341ED0D24B00F2BBF6 /* Debug */,
				A031D4351ED0D24B00F2BBF6 /* Release */,
			);
			defaultConfigurationIsVisible = 0;
			defaultConfigurationName = Release;
		};
		A031D4361ED0D24B00F2BBF6 /* Build configuration list for PBXNativeTarget "Hello World" */ = {
			isa = XCConfigurationList;
			buildConfigurations = (
				A031D4371ED0D24B00F2BBF6 /* Debug */,
				A031D4381ED0D24B00F2BBF6 /* Release */,
			);
			defaultConfigurationIsVisible = 0;
		};
/* End XCConfigurationList section */
	};
	rootObject = A031D41C1ED0D24B00F2BBF6 /* Project object */;
}
